
Microsoft Visual Studio Solution File, Format Version 12.00
# Visual Studio Version 17
VisualStudioVersion = 17.0.31903.59
MinimumVisualStudioVersion = 10.0.40219.1
Project("{9A19103F-16F7-4668-BE54-9A1E7A4F7556}") = "WebApi", "WebApi\WebApi.csproj", "{C1A7A805-8085-446D-9876-3C237A6B07A0}"
EndProject
Project("{9A19103F-16F7-4668-BE54-9A1E7A4F7556}") = "Entities", "Entities\Entities.csproj", "{CF390890-817F-4103-A9EA-784AFA80AC91}"
EndProject
Project("{9A19103F-16F7-4668-BE54-9A1E7A4F7556}") = "Repositories", "Repositories\Repositories.csproj", "{F9E86A0B-5E8B-4C61-9E4B-04DEFABA1060}"
EndProject
Project("{9A19103F-16F7-4668-BE54-9A1E7A4F7556}") = "Services", "Services\Services.csproj", "{AB336267-CB8A-4AEC-AD36-E8E76740E013}"
EndProject
Project("{9A19103F-16F7-4668-BE54-9A1E7A4F7556}") = "Presentation", "Presentation\Presentation.csproj", "{A649DF10-D894-400B-9DC4-F84D3582D06D}"
EndProject
Global
	GlobalSection(SolutionConfigurationPlatforms) = preSolution
		Debug|Any CPU = Debug|Any CPU
		Release|Any CPU = Release|Any CPU
	EndGlobalSection
	GlobalSection(ProjectConfigurationPlatforms) = postSolution
		{C1A7A805-8085-446D-9876-3C237A6B07A0}.Debug|Any CPU.ActiveCfg = Debug|Any CPU
		{C1A7A805-8085-446D-9876-3C237A6B07A0}.Debug|Any CPU.Build.0 = Debug|Any CPU
		{C1A7A805-8085-446D-9876-3C237A6B07A0}.Release|Any CPU.ActiveCfg = Release|Any CPU
		{C1A7A805-8085-446D-9876-3C237A6B07A0}.Release|Any CPU.Build.0 = Release|Any CPU
		{CF390890-817F-4103-A9EA-784AFA80AC91}.Debug|Any CPU.ActiveCfg = Debug|Any CPU
		{CF390890-817F-4103-A9EA-784AFA80AC91}.Debug|Any CPU.Build.0 = Debug|Any CPU
		{CF390890-817F-4103-A9EA-784AFA80AC91}.Release|Any CPU.ActiveCfg = Release|Any CPU
		{CF390890-817F-4103-A9EA-784AFA80AC91}.Release|Any CPU.Build.0 = Release|Any CPU
		{F9E86A0B-5E8B-4C61-9E4B-04DEFABA1060}.Debug|Any CPU.ActiveCfg = Debug|Any CPU
		{F9E86A0B-5E8B-4C61-9E4B-04DEFABA1060}.Debug|Any CPU.Build.0 = Debug|Any CPU
		{F9E86A0B-5E8B-4C61-9E4B-04DEFABA1060}.Release|Any CPU.ActiveCfg = Release|Any CPU
		{F9E86A0B-5E8B-4C61-9E4B-04DEFABA1060}.Release|Any CPU.Build.0 = Release|Any CPU
		{AB336267-CB8A-4AEC-AD36-E8E76740E013}.Debug|Any CPU.ActiveCfg = Debug|Any CPU
		{AB336267-CB8A-4AEC-AD36-E8E76740E013}.Debug|Any CPU.Build.0 = Debug|Any CPU
		{AB336267-CB8A-4AEC-AD36-E8E76740E013}.Release|Any CPU.ActiveCfg = Release|Any CPU
		{AB336267-CB8A-4AEC-AD36-E8E76740E013}.Release|Any CPU.Build.0 = Release|Any CPU
		{A649DF10-D894-400B-9DC4-F84D3582D06D}.Debug|Any CPU.ActiveCfg = Debug|Any CPU
		{A649DF10-D894-400B-9DC4-F84D3582D06D}.Debug|Any CPU.Build.0 = Debug|Any CPU
		{A649DF10-D894-400B-9DC4-F84D3582D06D}.Release|Any CPU.ActiveCfg = Release|Any CPU
		{A649DF10-D894-400B-9DC4-F84D3582D06D}.Release|Any CPU.Build.0 = Release|Any CPU
	EndGlobalSection
	GlobalSection(SolutionProperties) = preSolution
		HideSolutionNode = FALSE
	EndGlobalSection
	GlobalSection(ExtensibilityGlobals) = postSolution
		SolutionGuid = {BCC819E7-221A-4A1F-AA9E-F4FFE0CCEE3A}
	EndGlobalSection
EndGlobal
